Microsoft Visual Studio Solution File, Format Version 12.00
# Visual Studio Version 17
VisualStudioVersion = 17.7.34024.191
MinimumVisualStudioVersion = 10.0.40219.1
Project("{2150E333-8FDC-42A3-9474-1A3956D46DE8}") = "WebComparer", "WebComparer", "{59B3631D-CCF0-40C2-9F5B-3DE2665E5F22}"
EndProject
Project("{9A19103F-16F7-4668-BE54-9A1E7A4F7556}") = "Seedysoft.WebComparer.Lib", "src\WebComparer\Lib\Seedysoft.WebComparer.Lib.csproj", "{B1F1F2EF-81B9-4284-AC8A-DA6F3A55C263}"
EndProject
Project("{9A19103F-16F7-4668-BE54-9A1E7A4F7556}") = "Seedysoft.WebComparer.ConsoleApp", "src\WebComparer\ConsoleApp\Seedysoft.WebComparer.ConsoleApp.csproj", "{9990F202-40C8-4D36-81B9-672EE1B0D56A}"
EndProject
Project("{2150E333-8FDC-42A3-9474-1A3956D46DE8}") = "Outbox", "Outbox", "{DEA953B6-AC4C-4AFF-98A2-1D900A2C8DB6}"
EndProject
Project("{2150E333-8FDC-42A3-9474-1A3956D46DE8}") = "Libs", "Libs", "{1B84AE05-2D2A-49BD-A067-883B8FA01D75}"
EndProject
Project("{9A19103F-16F7-4668-BE54-9A1E7A4F7556}") = "Seedysoft.Outbox.ConsoleApp", "src\Outbox\ConsoleApp\Seedysoft.Outbox.ConsoleApp.csproj", "{A6A8C795-22BA-4459-B11E-157238F04840}"
EndProject
Project("{9A19103F-16F7-4668-BE54-9A1E7A4F7556}") = "Seedysoft.Libs.SmtpService", "src\Libs\SmtpService\Seedysoft.Libs.SmtpService.csproj", "{639FCE62-4B61-4757-A7DD-A0A7691A000F}"
EndProject
Project("{9A19103F-16F7-4668-BE54-9A1E7A4F7556}") = "Seedysoft.Libs.Utils", "src\Libs\Utils\Seedysoft.Libs.Utils.csproj", "{4BC74EB4-A94B-44D1-8A89-E4EA9DDDBF4B}"
EndProject
Project("{2150E333-8FDC-42A3-9474-1A3956D46DE8}") = "_SolutionItems", "_SolutionItems", "{76425700-456B-44B0-B42A-B0DC73595E5E}"
	ProjectSection(SolutionItems) = preProject
		.editorconfig = .editorconfig
		.gitattributes = .gitattributes
		.gitignore = .gitignore
		.runsettings = .runsettings
		src\Directory.Build.props = src\Directory.Build.props
		nuget.config = nuget.config
		testEnvironments.json = testEnvironments.json
	EndProjectSection
EndProject
Project("{9A19103F-16F7-4668-BE54-9A1E7A4F7556}") = "Seedysoft.Libs.Infrastructure", "src\Libs\Infrastructure\Seedysoft.Libs.Infrastructure.csproj", "{733108C1-F3A2-4AE7-AB43-BADCB4161169}"
EndProject
Project("{9A19103F-16F7-4668-BE54-9A1E7A4F7556}") = "Seedysoft.Outbox.Lib", "src\Outbox\Lib\Seedysoft.Outbox.Lib.csproj", "{B9DB9188-86E8-4C27-AA48-6FA3095542EA}"
EndProject
Project("{2150E333-8FDC-42A3-9474-1A3956D46DE8}") = "doc", "doc", "{623B6345-334F-4699-B2FB-B928EBC6471B}"
	ProjectSection(SolutionItems) = preProject
		doc\DotnetInstallDocumentation.md = doc\DotnetInstallDocumentation.md
		doc\MigrationCommands.md = doc\MigrationCommands.md
		doc\PublishCommands.md = doc\PublishCommands.md
	EndProjectSection
EndProject
Project("{2150E333-8FDC-42A3-9474-1A3956D46DE8}") = "bashScripts", "bashScripts", "{278EDAC9-2DDC-4F89-8C6F-6A8B66E01A2E}"
	ProjectSection(SolutionItems) = preProject
		bashScripts\create-BlazorWebApp-daemon.sh = bashScripts\create-BlazorWebApp-daemon.sh
		bashScripts\create-daemon.sh = bashScripts\create-daemon.sh
	EndProjectSection
EndProject
Project("{9A19103F-16F7-4668-BE54-9A1E7A4F7556}") = "Seedysoft.Libs.TuyaDeviceControl", "src\Libs\TuyaDeviceControl\Seedysoft.Libs.TuyaDeviceControl.csproj", "{B9DCB14B-43FC-4920-9829-E1AA7955CAB9}"
EndProject
Project("{2150E333-8FDC-42A3-9474-1A3956D46DE8}") = "Pvpc", "Pvpc", "{D502505E-CB81-4391-8F4A-C08474E89805}"
EndProject
Project("{9A19103F-16F7-4668-BE54-9A1E7A4F7556}") = "Seedysoft.Pvpc.Lib", "src\Pvpc\Lib\Seedysoft.Pvpc.Lib.csproj", "{89A314F2-682A-4262-90C8-8C28B28406A7}"
EndProject
Project("{9A19103F-16F7-4668-BE54-9A1E7A4F7556}") = "Seedysoft.Pvpc.ConsoleApp", "src\Pvpc\ConsoleApp\Seedysoft.Pvpc.ConsoleApp.csproj", "{C9D74763-F199-4D59-AFE3-048A21B24161}"
EndProject
Project("{9A19103F-16F7-4668-BE54-9A1E7A4F7556}") = "Seedysoft.Libs.Core", "src\Libs\Core\Seedysoft.Libs.Core.csproj", "{D0101826-65C5-4D4E-95A5-CE9D96EDF7F1}"
EndProject
Project("{9A19103F-16F7-4668-BE54-9A1E7A4F7556}") = "Seedysoft.BlazorWebApp.Client", "src\BlazorWebApp\Client\Seedysoft.BlazorWebApp.Client.csproj", "{B61C7BCC-0966-4960-8A96-3AF0C5985814}"
EndProject
Project("{9A19103F-16F7-4668-BE54-9A1E7A4F7556}") = "Seedysoft.BlazorWebApp.Server", "src\BlazorWebApp\Server\Seedysoft.BlazorWebApp.Server.csproj", "{7330CF79-2BF4-4D53-9D22-21042281891C}"
EndProject
Project("{9A19103F-16F7-4668-BE54-9A1E7A4F7556}") = "Seedysoft.Libs.Core.Tests", "test\Libs\Core.Tests\Seedysoft.Libs.Core.Tests.csproj", "{9FCDE68A-2CEE-4A2C-93DF-04928A78A7BC}"
EndProject
Project("{9A19103F-16F7-4668-BE54-9A1E7A4F7556}") = "Seedysoft.Libs.Cryptography", "src\Libs\Cryptography\Seedysoft.Libs.Cryptography.csproj", "{91BBB425-F8FA-4477-B1E2-9F56222C2405}"
EndProject
Project("{9A19103F-16F7-4668-BE54-9A1E7A4F7556}") = "Seedysoft.Libs.Cryptography.Tests", "test\Libs\Cryptography.Tests\Seedysoft.Libs.Cryptography.Tests.csproj", "{9A25AD59-8CEF-44EB-B702-11169A87E76B}"
EndProject
Project("{9A19103F-16F7-4668-BE54-9A1E7A4F7556}") = "Seedysoft.Libs.BackgroundServices", "src\Libs\BackgroundServices\Seedysoft.Libs.BackgroundServices.csproj", "{E9470628-052C-4E2A-9855-78D9AB0F2A19}"
EndProject
Project("{9A19103F-16F7-4668-BE54-9A1E7A4F7556}") = "Seedysoft.Libs.TelegramBot", "src\Libs\TelegramBot\Seedysoft.Libs.TelegramBot.csproj", "{D2A8F8A4-2A57-4FC6-A003-BA5B1941A58C}"
EndProject
Project("{9A19103F-16F7-4668-BE54-9A1E7A4F7556}") = "Seedysoft.Pvpc.Lib.Tests", "test\Pvpc\Lib.Tests\Seedysoft.Pvpc.Lib.Tests.csproj", "{467249C0-F173-456D-95F6-05FDC8B76E0B}"
EndProject
Project("{9A19103F-16F7-4668-BE54-9A1E7A4F7556}") = "Seedysoft.Libs.Infrastructure.Tests", "test\Libs\Infrastructure.Tests\Seedysoft.Libs.Infrastructure.Tests.csproj", "{5C844147-B8EA-4A92-81DD-BB5D017E1749}"
EndProject
Project("{2150E333-8FDC-42A3-9474-1A3956D46DE8}") = ".github", ".github", "{95FDC373-822D-408A-83C7-B8D7F31570A1}"
	ProjectSection(SolutionItems) = preProject
		.github\dependabot.yml = .github\dependabot.yml
	EndProjectSection
EndProject
Project("{2150E333-8FDC-42A3-9474-1A3956D46DE8}") = "workflows", "workflows", "{37555E57-CBD7-4E16-9B92-9EB096D4DDD3}"
	ProjectSection(SolutionItems) = preProject
		.github\workflows\CI.yml = .github\workflows\CI.yml
		.github\workflows\delete-old-runs.yml = .github\workflows\delete-old-runs.yml
		.github\workflows\Publish.yml = .github\workflows\Publish.yml
	EndProjectSection
EndProject
Project("{9A19103F-16F7-4668-BE54-9A1E7A4F7556}") = "Seedysoft.Libs.GasStationPrices", "src\Libs\GasStationPrices\Seedysoft.Libs.GasStationPrices.csproj", "{21FB98BB-6EB9-49F0-8E99-7B223ED1245C}"
EndProject
Project("{9A19103F-16F7-4668-BE54-9A1E7A4F7556}") = "Seedysoft.Libs.GasStationPrices.Tests", "test\Libs\GasStationPrices.Tests\Seedysoft.Libs.GasStationPrices.Tests.csproj", "{7A124DA0-9DA4-4F63-92B4-18F5473CD1AF}"
EndProject
Project("{9A19103F-16F7-4668-BE54-9A1E7A4F7556}") = "Seedysoft.Libs.GoogleMapsRazorClassLib", "src\Libs\GoogleMapsRazorClassLib\Seedysoft.Libs.GoogleMapsRazorClassLib.csproj", "{0771EEAA-800A-4678-A086-BF56849471B3}"
EndProject
Project("{FAE04EC0-301F-11D3-BF4B-00C04F79EFBC}") = "Seedysoft.Libs.GoogleApis", "src\Libs\GoogleApis\Seedysoft.Libs.GoogleApis.csproj", "{18A2E16D-866D-4F4B-BBE2-F9886D8CA6EE}"
EndProject
Project("{FAE04EC0-301F-11D3-BF4B-00C04F79EFBC}") = "Seedysoft.Libs.GoogleApis.Tests", "test\Libs\GoogleApis.Tests\Seedysoft.Libs.GoogleApis.Tests.csproj", "{B2692CBD-0DFB-414A-91AF-A5B0F2F4A137}"
EndProject
Global
	GlobalSection(SolutionConfigurationPlatforms) = preSolution
		Debug|Any CPU = Debug|Any CPU
		Release|Any CPU = Release|Any CPU
	EndGlobalSection
	GlobalSection(ProjectConfigurationPlatforms) = postSolution
		{B1F1F2EF-81B9-4284-AC8A-DA6F3A55C263}.Debug|Any CPU.ActiveCfg = Debug|Any CPU
		{B1F1F2EF-81B9-4284-AC8A-DA6F3A55C263}.Debug|Any CPU.Build.0 = Debug|Any CPU
		{B1F1F2EF-81B9-4284-AC8A-DA6F3A55C263}.Release|Any CPU.ActiveCfg = Release|Any CPU
		{B1F1F2EF-81B9-4284-AC8A-DA6F3A55C263}.Release|Any CPU.Build.0 = Release|Any CPU
		{9990F202-40C8-4D36-81B9-672EE1B0D56A}.Debug|Any CPU.ActiveCfg = Debug|Any CPU
		{9990F202-40C8-4D36-81B9-672EE1B0D56A}.Debug|Any CPU.Build.0 = Debug|Any CPU
		{9990F202-40C8-4D36-81B9-672EE1B0D56A}.Release|Any CPU.ActiveCfg = Release|Any CPU
		{9990F202-40C8-4D36-81B9-672EE1B0D56A}.Release|Any CPU.Build.0 = Release|Any CPU
		{A6A8C795-22BA-4459-B11E-157238F04840}.Debug|Any CPU.ActiveCfg = Debug|Any CPU
		{A6A8C795-22BA-4459-B11E-157238F04840}.Debug|Any CPU.Build.0 = Debug|Any CPU
		{A6A8C795-22BA-4459-B11E-157238F04840}.Release|Any CPU.ActiveCfg = Release|Any CPU
		{A6A8C795-22BA-4459-B11E-157238F04840}.Release|Any CPU.Build.0 = Release|Any CPU
		{639FCE62-4B61-4757-A7DD-A0A7691A000F}.Debug|Any CPU.ActiveCfg = Debug|Any CPU
		{639FCE62-4B61-4757-A7DD-A0A7691A000F}.Debug|Any CPU.Build.0 = Debug|Any CPU
		{639FCE62-4B61-4757-A7DD-A0A7691A000F}.Release|Any CPU.ActiveCfg = Release|Any CPU
		{639FCE62-4B61-4757-A7DD-A0A7691A000F}.Release|Any CPU.Build.0 = Release|Any CPU
		{4BC74EB4-A94B-44D1-8A89-E4EA9DDDBF4B}.Debug|Any CPU.ActiveCfg = Debug|Any CPU
		{4BC74EB4-A94B-44D1-8A89-E4EA9DDDBF4B}.Debug|Any CPU.Build.0 = Debug|Any CPU
		{4BC74EB4-A94B-44D1-8A89-E4EA9DDDBF4B}.Release|Any CPU.ActiveCfg = Release|Any CPU
		{4BC74EB4-A94B-44D1-8A89-E4EA9DDDBF4B}.Release|Any CPU.Build.0 = Release|Any CPU
		{733108C1-F3A2-4AE7-AB43-BADCB4161169}.Debug|Any CPU.ActiveCfg = Debug|Any CPU
		{733108C1-F3A2-4AE7-AB43-BADCB4161169}.Debug|Any CPU.Build.0 = Debug|Any CPU
		{733108C1-F3A2-4AE7-AB43-BADCB4161169}.Release|Any CPU.ActiveCfg = Release|Any CPU
		{733108C1-F3A2-4AE7-AB43-BADCB4161169}.Release|Any CPU.Build.0 = Release|Any CPU
		{B9DB9188-86E8-4C27-AA48-6FA3095542EA}.Debug|Any CPU.ActiveCfg = Debug|Any CPU
		{B9DB9188-86E8-4C27-AA48-6FA3095542EA}.Debug|Any CPU.Build.0 = Debug|Any CPU
		{B9DB9188-86E8-4C27-AA48-6FA3095542EA}.Release|Any CPU.ActiveCfg = Release|Any CPU
		{B9DB9188-86E8-4C27-AA48-6FA3095542EA}.Release|Any CPU.Build.0 = Release|Any CPU
		{B9DCB14B-43FC-4920-9829-E1AA7955CAB9}.Debug|Any CPU.ActiveCfg = Debug|Any CPU
		{B9DCB14B-43FC-4920-9829-E1AA7955CAB9}.Debug|Any CPU.Build.0 = Debug|Any CPU
		{B9DCB14B-43FC-4920-9829-E1AA7955CAB9}.Release|Any CPU.ActiveCfg = Release|Any CPU
		{B9DCB14B-43FC-4920-9829-E1AA7955CAB9}.Release|Any CPU.Build.0 = Release|Any CPU
		{89A314F2-682A-4262-90C8-8C28B28406A7}.Debug|Any CPU.ActiveCfg = Debug|Any CPU
		{89A314F2-682A-4262-90C8-8C28B28406A7}.Debug|Any CPU.Build.0 = Debug|Any CPU
		{89A314F2-682A-4262-90C8-8C28B28406A7}.Release|Any CPU.ActiveCfg = Release|Any CPU
		{89A314F2-682A-4262-90C8-8C28B28406A7}.Release|Any CPU.Build.0 = Release|Any CPU
		{C9D74763-F199-4D59-AFE3-048A21B24161}.Debug|Any CPU.ActiveCfg = Debug|Any CPU
		{C9D74763-F199-4D59-AFE3-048A21B24161}.Debug|Any CPU.Build.0 = Debug|Any CPU
		{C9D74763-F199-4D59-AFE3-048A21B24161}.Release|Any CPU.ActiveCfg = Release|Any CPU
		{C9D74763-F199-4D59-AFE3-048A21B24161}.Release|Any CPU.Build.0 = Release|Any CPU
		{D0101826-65C5-4D4E-95A5-CE9D96EDF7F1}.Debug|Any CPU.ActiveCfg = Debug|Any CPU
		{D0101826-65C5-4D4E-95A5-CE9D96EDF7F1}.Debug|Any CPU.Build.0 = Debug|Any CPU
		{D0101826-65C5-4D4E-95A5-CE9D96EDF7F1}.Release|Any CPU.ActiveCfg = Release|Any CPU
		{D0101826-65C5-4D4E-95A5-CE9D96EDF7F1}.Release|Any CPU.Build.0 = Release|Any CPU
		{B61C7BCC-0966-4960-8A96-3AF0C5985814}.Debug|Any CPU.ActiveCfg = Debug|Any CPU
		{B61C7BCC-0966-4960-8A96-3AF0C5985814}.Debug|Any CPU.Build.0 = Debug|Any CPU
		{B61C7BCC-0966-4960-8A96-3AF0C5985814}.Release|Any CPU.ActiveCfg = Release|Any CPU
		{B61C7BCC-0966-4960-8A96-3AF0C5985814}.Release|Any CPU.Build.0 = Release|Any CPU
		{7330CF79-2BF4-4D53-9D22-21042281891C}.Debug|Any CPU.ActiveCfg = Debug|Any CPU
		{7330CF79-2BF4-4D53-9D22-21042281891C}.Debug|Any CPU.Build.0 = Debug|Any CPU
		{7330CF79-2BF4-4D53-9D22-21042281891C}.Release|Any CPU.ActiveCfg = Release|Any CPU
		{7330CF79-2BF4-4D53-9D22-21042281891C}.Release|Any CPU.Build.0 = Release|Any CPU
		{9FCDE68A-2CEE-4A2C-93DF-04928A78A7BC}.Debug|Any CPU.ActiveCfg = Debug|Any CPU
		{9FCDE68A-2CEE-4A2C-93DF-04928A78A7BC}.Debug|Any CPU.Build.0 = Debug|Any CPU
		{9FCDE68A-2CEE-4A2C-93DF-04928A78A7BC}.Release|Any CPU.ActiveCfg = Release|Any CPU
		{9FCDE68A-2CEE-4A2C-93DF-04928A78A7BC}.Release|Any CPU.Build.0 = Release|Any CPU
		{91BBB425-F8FA-4477-B1E2-9F56222C2405}.Debug|Any CPU.ActiveCfg = Debug|Any CPU
		{91BBB425-F8FA-4477-B1E2-9F56222C2405}.Debug|Any CPU.Build.0 = Debug|Any CPU
		{91BBB425-F8FA-4477-B1E2-9F56222C2405}.Release|Any CPU.ActiveCfg = Release|Any CPU
		{91BBB425-F8FA-4477-B1E2-9F56222C2405}.Release|Any CPU.Build.0 = Release|Any CPU
		{9A25AD59-8CEF-44EB-B702-11169A87E76B}.Debug|Any CPU.ActiveCfg = Debug|Any CPU
		{9A25AD59-8CEF-44EB-B702-11169A87E76B}.Debug|Any CPU.Build.0 = Debug|Any CPU
		{9A25AD59-8CEF-44EB-B702-11169A87E76B}.Release|Any CPU.ActiveCfg = Release|Any CPU
		{9A25AD59-8CEF-44EB-B702-11169A87E76B}.Release|Any CPU.Build.0 = Release|Any CPU
		{E9470628-052C-4E2A-9855-78D9AB0F2A19}.Debug|Any CPU.ActiveCfg = Debug|Any CPU
		{E9470628-052C-4E2A-9855-78D9AB0F2A19}.Debug|Any CPU.Build.0 = Debug|Any CPU
		{E9470628-052C-4E2A-9855-78D9AB0F2A19}.Release|Any CPU.ActiveCfg = Release|Any CPU
		{E9470628-052C-4E2A-9855-78D9AB0F2A19}.Release|Any CPU.Build.0 = Release|Any CPU
		{D2A8F8A4-2A57-4FC6-A003-BA5B1941A58C}.Debug|Any CPU.ActiveCfg = Debug|Any CPU
		{D2A8F8A4-2A57-4FC6-A003-BA5B1941A58C}.Debug|Any CPU.Build.0 = Debug|Any CPU
		{D2A8F8A4-2A57-4FC6-A003-BA5B1941A58C}.Release|Any CPU.ActiveCfg = Release|Any CPU
		{D2A8F8A4-2A57-4FC6-A003-BA5B1941A58C}.Release|Any CPU.Build.0 = Release|Any CPU
		{467249C0-F173-456D-95F6-05FDC8B76E0B}.Debug|Any CPU.ActiveCfg = Debug|Any CPU
		{467249C0-F173-456D-95F6-05FDC8B76E0B}.Debug|Any CPU.Build.0 = Debug|Any CPU
		{467249C0-F173-456D-95F6-05FDC8B76E0B}.Release|Any CPU.ActiveCfg = Release|Any CPU
		{467249C0-F173-456D-95F6-05FDC8B76E0B}.Release|Any CPU.Build.0 = Release|Any CPU
		{5C844147-B8EA-4A92-81DD-BB5D017E1749}.Debug|Any CPU.ActiveCfg = Debug|Any CPU
		{5C844147-B8EA-4A92-81DD-BB5D017E1749}.Debug|Any CPU.Build.0 = Debug|Any CPU
		{5C844147-B8EA-4A92-81DD-BB5D017E1749}.Release|Any CPU.ActiveCfg = Release|Any CPU
		{5C844147-B8EA-4A92-81DD-BB5D017E1749}.Release|Any CPU.Build.0 = Release|Any CPU
		{21FB98BB-6EB9-49F0-8E99-7B223ED1245C}.Debug|Any CPU.ActiveCfg = Debug|Any CPU
		{21FB98BB-6EB9-49F0-8E99-7B223ED1245C}.Debug|Any CPU.Build.0 = Debug|Any CPU
		{21FB98BB-6EB9-49F0-8E99-7B223ED1245C}.Release|Any CPU.ActiveCfg = Release|Any CPU
		{21FB98BB-6EB9-49F0-8E99-7B223ED1245C}.Release|Any CPU.Build.0 = Release|Any CPU
		{7A124DA0-9DA4-4F63-92B4-18F5473CD1AF}.Debug|Any CPU.ActiveCfg = Debug|Any CPU
		{7A124DA0-9DA4-4F63-92B4-18F5473CD1AF}.Debug|Any CPU.Build.0 = Debug|Any CPU
		{7A124DA0-9DA4-4F63-92B4-18F5473CD1AF}.Release|Any CPU.ActiveCfg = Release|Any CPU
		{7A124DA0-9DA4-4F63-92B4-18F5473CD1AF}.Release|Any CPU.Build.0 = Release|Any CPU
		{0771EEAA-800A-4678-A086-BF56849471B3}.Debug|Any CPU.ActiveCfg = Debug|Any CPU
		{0771EEAA-800A-4678-A086-BF56849471B3}.Debug|Any CPU.Build.0 = Debug|Any CPU
		{0771EEAA-800A-4678-A086-BF56849471B3}.Release|Any CPU.ActiveCfg = Release|Any CPU
		{0771EEAA-800A-4678-A086-BF56849471B3}.Release|Any CPU.Build.0 = Release|Any CPU
		{18A2E16D-866D-4F4B-BBE2-F9886D8CA6EE}.Debug|Any CPU.ActiveCfg = Debug|Any CPU
		{18A2E16D-866D-4F4B-BBE2-F9886D8CA6EE}.Debug|Any CPU.Build.0 = Debug|Any CPU
		{18A2E16D-866D-4F4B-BBE2-F9886D8CA6EE}.Release|Any CPU.ActiveCfg = Release|Any CPU
		{18A2E16D-866D-4F4B-BBE2-F9886D8CA6EE}.Release|Any CPU.Build.0 = Release|Any CPU
		{B2692CBD-0DFB-414A-91AF-A5B0F2F4A137}.Debug|Any CPU.ActiveCfg = Debug|Any CPU
		{B2692CBD-0DFB-414A-91AF-A5B0F2F4A137}.Debug|Any CPU.Build.0 = Debug|Any CPU
		{B2692CBD-0DFB-414A-91AF-A5B0F2F4A137}.Release|Any CPU.ActiveCfg = Release|Any CPU
		{B2692CBD-0DFB-414A-91AF-A5B0F2F4A137}.Release|Any CPU.Build.0 = Release|Any CPU
	EndGlobalSection
	GlobalSection(SolutionProperties) = preSolution
		HideSolutionNode = FALSE
	EndGlobalSection
	GlobalSection(NestedProjects) = preSolution
		{B1F1F2EF-81B9-4284-AC8A-DA6F3A55C263} = {59B3631D-CCF0-40C2-9F5B-3DE2665E5F22}
		{9990F202-40C8-4D36-81B9-672EE1B0D56A} = {59B3631D-CCF0-40C2-9F5B-3DE2665E5F22}
		{A6A8C795-22BA-4459-B11E-157238F04840} = {DEA953B6-AC4C-4AFF-98A2-1D900A2C8DB6}
		{639FCE62-4B61-4757-A7DD-A0A7691A000F} = {1B84AE05-2D2A-49BD-A067-883B8FA01D75}
		{4BC74EB4-A94B-44D1-8A89-E4EA9DDDBF4B} = {1B84AE05-2D2A-49BD-A067-883B8FA01D75}
		{733108C1-F3A2-4AE7-AB43-BADCB4161169} = {1B84AE05-2D2A-49BD-A067-883B8FA01D75}
		{B9DB9188-86E8-4C27-AA48-6FA3095542EA} = {DEA953B6-AC4C-4AFF-98A2-1D900A2C8DB6}
		{623B6345-334F-4699-B2FB-B928EBC6471B} = {76425700-456B-44B0-B42A-B0DC73595E5E}
		{278EDAC9-2DDC-4F89-8C6F-6A8B66E01A2E} = {76425700-456B-44B0-B42A-B0DC73595E5E}
		{B9DCB14B-43FC-4920-9829-E1AA7955CAB9} = {1B84AE05-2D2A-49BD-A067-883B8FA01D75}
		{89A314F2-682A-4262-90C8-8C28B28406A7} = {D502505E-CB81-4391-8F4A-C08474E89805}
		{C9D74763-F199-4D59-AFE3-048A21B24161} = {D502505E-CB81-4391-8F4A-C08474E89805}
		{D0101826-65C5-4D4E-95A5-CE9D96EDF7F1} = {1B84AE05-2D2A-49BD-A067-883B8FA01D75}
		{9FCDE68A-2CEE-4A2C-93DF-04928A78A7BC} = {1B84AE05-2D2A-49BD-A067-883B8FA01D75}
		{91BBB425-F8FA-4477-B1E2-9F56222C2405} = {1B84AE05-2D2A-49BD-A067-883B8FA01D75}
		{9A25AD59-8CEF-44EB-B702-11169A87E76B} = {1B84AE05-2D2A-49BD-A067-883B8FA01D75}
		{E9470628-052C-4E2A-9855-78D9AB0F2A19} = {1B84AE05-2D2A-49BD-A067-883B8FA01D75}
		{D2A8F8A4-2A57-4FC6-A003-BA5B1941A58C} = {1B84AE05-2D2A-49BD-A067-883B8FA01D75}
		{467249C0-F173-456D-95F6-05FDC8B76E0B} = {D502505E-CB81-4391-8F4A-C08474E89805}
		{5C844147-B8EA-4A92-81DD-BB5D017E1749} = {1B84AE05-2D2A-49BD-A067-883B8FA01D75}
		{95FDC373-822D-408A-83C7-B8D7F31570A1} = {76425700-456B-44B0-B42A-B0DC73595E5E}
		{37555E57-CBD7-4E16-9B92-9EB096D4DDD3} = {95FDC373-822D-408A-83C7-B8D7F31570A1}
		{21FB98BB-6EB9-49F0-8E99-7B223ED1245C} = {1B84AE05-2D2A-49BD-A067-883B8FA01D75}
		{7A124DA0-9DA4-4F63-92B4-18F5473CD1AF} = {1B84AE05-2D2A-49BD-A067-883B8FA01D75}
		{0771EEAA-800A-4678-A086-BF56849471B3} = {1B84AE05-2D2A-49BD-A067-883B8FA01D75}
		{18A2E16D-866D-4F4B-BBE2-F9886D8CA6EE} = {1B84AE05-2D2A-49BD-A067-883B8FA01D75}
		{B2692CBD-0DFB-414A-91AF-A5B0F2F4A137} = {1B84AE05-2D2A-49BD-A067-883B8FA01D75}
	EndGlobalSection
	GlobalSection(ExtensibilityGlobals) = postSolution
		SolutionGuid = {76CD9B0B-E4FA-4E83-9623-2163AE82F180}
	EndGlobalSection
EndGlobal
