Microsoft Visual Studio Solution File, Format Version 12.00
# Visual Studio Version 17
VisualStudioVersion = 17.7.34024.191
MinimumVisualStudioVersion = 10.0.40219.1
Project("{2150E333-8FDC-42A3-9474-1A3956D46DE8}") = "FuelPrices", "FuelPrices", "{72066A4C-B25F-4CE6-A9A0-4AD80C544B2A}"
EndProject
Project("{2150E333-8FDC-42A3-9474-1A3956D46DE8}") = "WebComparer", "WebComparer", "{59B3631D-CCF0-40C2-9F5B-3DE2665E5F22}"
EndProject
Project("{9A19103F-16F7-4668-BE54-9A1E7A4F7556}") = "Seedysoft.WebComparer.Lib", "src\WebComparer\Lib\Seedysoft.WebComparer.Lib.csproj", "{B1F1F2EF-81B9-4284-AC8A-DA6F3A55C263}"
EndProject
Project("{9A19103F-16F7-4668-BE54-9A1E7A4F7556}") = "Seedysoft.WebComparer.ConsoleApp", "src\WebComparer\ConsoleApp\Seedysoft.WebComparer.ConsoleApp.csproj", "{9990F202-40C8-4D36-81B9-672EE1B0D56A}"
EndProject
Project("{2150E333-8FDC-42A3-9474-1A3956D46DE8}") = "Outbox", "Outbox", "{DEA953B6-AC4C-4AFF-98A2-1D900A2C8DB6}"
EndProject
Project("{2150E333-8FDC-42A3-9474-1A3956D46DE8}") = "Libs", "Libs", "{1B84AE05-2D2A-49BD-A067-883B8FA01D75}"
EndProject
Project("{9A19103F-16F7-4668-BE54-9A1E7A4F7556}") = "Seedysoft.Outbox.ConsoleApp", "src\Outbox\ConsoleApp\Seedysoft.Outbox.ConsoleApp.csproj", "{A6A8C795-22BA-4459-B11E-157238F04840}"
EndProject
Project("{9A19103F-16F7-4668-BE54-9A1E7A4F7556}") = "Seedysoft.Libs.CronBackgroundService", "src\Libs\CronBackgroundService\Seedysoft.Libs.CronBackgroundService.csproj", "{33F5FCD1-4A46-4DF1-B9E4-791077F7B688}"
EndProject
Project("{9A19103F-16F7-4668-BE54-9A1E7A4F7556}") = "Seedysoft.Libs.SmtpService", "src\Libs\SmtpService\Seedysoft.Libs.SmtpService.csproj", "{639FCE62-4B61-4757-A7DD-A0A7691A000F}"
EndProject
Project("{9A19103F-16F7-4668-BE54-9A1E7A4F7556}") = "Seedysoft.Libs.Telegram", "src\Libs\Telegram\Seedysoft.Libs.Telegram.csproj", "{543A560A-8747-4831-B7FD-6CC48D9A40EC}"
EndProject
Project("{9A19103F-16F7-4668-BE54-9A1E7A4F7556}") = "Seedysoft.Libs.Utils", "src\Libs\Utils\Seedysoft.Libs.Utils.csproj", "{4BC74EB4-A94B-44D1-8A89-E4EA9DDDBF4B}"
EndProject
Project("{2150E333-8FDC-42A3-9474-1A3956D46DE8}") = "_SolutionItems", "_SolutionItems", "{76425700-456B-44B0-B42A-B0DC73595E5E}"
	ProjectSection(SolutionItems) = preProject
		.editorconfig = .editorconfig
		.gitattributes = .gitattributes
		.gitignore = .gitignore
	EndProjectSection
EndProject
Project("{9A19103F-16F7-4668-BE54-9A1E7A4F7556}") = "Seedysoft.Libs.Infrastructure", "src\Libs\Infrastructure\Seedysoft.Libs.Infrastructure.csproj", "{733108C1-F3A2-4AE7-AB43-BADCB4161169}"
EndProject
Project("{9A19103F-16F7-4668-BE54-9A1E7A4F7556}") = "Seedysoft.Outbox.Lib", "src\Outbox\Lib\Seedysoft.Outbox.Lib.csproj", "{B9DB9188-86E8-4C27-AA48-6FA3095542EA}"
EndProject
Project("{2150E333-8FDC-42A3-9474-1A3956D46DE8}") = "doc", "doc", "{623B6345-334F-4699-B2FB-B928EBC6471B}"
	ProjectSection(SolutionItems) = preProject
		doc\DotnetInstallDocumentation.md = doc\DotnetInstallDocumentation.md
		doc\MigrationCommands.md = doc\MigrationCommands.md
		doc\PublishCommands.md = doc\PublishCommands.md
	EndProjectSection
EndProject
Project("{2150E333-8FDC-42A3-9474-1A3956D46DE8}") = "bashScripts", "bashScripts", "{278EDAC9-2DDC-4F89-8C6F-6A8B66E01A2E}"
	ProjectSection(SolutionItems) = preProject
		bashScripts\create-BlazorWebApp-daemon.sh = bashScripts\create-BlazorWebApp-daemon.sh
		bashScripts\create-daemon.sh = bashScripts\create-daemon.sh
	EndProjectSection
EndProject
Project("{9A19103F-16F7-4668-BE54-9A1E7A4F7556}") = "Seedysoft.Libs.TuyaDeviceControl", "src\Libs\TuyaDeviceControl\Seedysoft.Libs.TuyaDeviceControl.csproj", "{B9DCB14B-43FC-4920-9829-E1AA7955CAB9}"
EndProject
Project("{2150E333-8FDC-42A3-9474-1A3956D46DE8}") = "Pvpc", "Pvpc", "{D502505E-CB81-4391-8F4A-C08474E89805}"
EndProject
Project("{9A19103F-16F7-4668-BE54-9A1E7A4F7556}") = "Seedysoft.Pvpc.Lib", "src\Pvpc\Lib\Seedysoft.Pvpc.Lib.csproj", "{89A314F2-682A-4262-90C8-8C28B28406A7}"
EndProject
Project("{9A19103F-16F7-4668-BE54-9A1E7A4F7556}") = "Seedysoft.Pvpc.ConsoleApp", "src\Pvpc\ConsoleApp\Seedysoft.Pvpc.ConsoleApp.csproj", "{C9D74763-F199-4D59-AFE3-048A21B24161}"
EndProject
Project("{9A19103F-16F7-4668-BE54-9A1E7A4F7556}") = "Seedysoft.Libs.Core", "src\Libs\Core\Seedysoft.Libs.Core.csproj", "{D0101826-65C5-4D4E-95A5-CE9D96EDF7F1}"
EndProject
Project("{9A19103F-16F7-4668-BE54-9A1E7A4F7556}") = "Seedysoft.BlazorWebApp.Client", "src\BlazorWebApp\Client\Seedysoft.BlazorWebApp.Client.csproj", "{B61C7BCC-0966-4960-8A96-3AF0C5985814}"
EndProject
Project("{9A19103F-16F7-4668-BE54-9A1E7A4F7556}") = "Seedysoft.BlazorWebApp.Server", "src\BlazorWebApp\Server\Seedysoft.BlazorWebApp.Server.csproj", "{7330CF79-2BF4-4D53-9D22-21042281891C}"
EndProject
Project("{9A19103F-16F7-4668-BE54-9A1E7A4F7556}") = "Seedysoft.FuelPrices.ConsoleApp", "src\FuelPrices\ConsoleApp\Seedysoft.FuelPrices.ConsoleApp.csproj", "{1346864E-F175-4EA5-8F0C-D4B0B9D41CF3}"
EndProject
Project("{9A19103F-16F7-4668-BE54-9A1E7A4F7556}") = "Seedysoft.FuelPrices.Lib", "src\FuelPrices\Lib\Seedysoft.FuelPrices.Lib.csproj", "{592C2F31-E2F0-42FC-9F3A-7F3A72687B0F}"
EndProject
Project("{9A19103F-16F7-4668-BE54-9A1E7A4F7556}") = "Seedysoft.Libs.Crypto", "src\Libs\Crypto\Seedysoft.Libs.Crypto.csproj", "{B03845DC-E517-4993-94AC-4CBBFE12C92E}"
EndProject
Project("{9A19103F-16F7-4668-BE54-9A1E7A4F7556}") = "Seedysoft.Libs.Core.Tests", "test\Libs\Core.Tests\Seedysoft.Libs.Core.Tests.csproj", "{9FCDE68A-2CEE-4A2C-93DF-04928A78A7BC}"
EndProject
Project("{9A19103F-16F7-4668-BE54-9A1E7A4F7556}") = "Seedysoft.Libs.Crypto.Tests", "test\Libs\Crypto.Tests\Seedysoft.Libs.Crypto.Tests.csproj", "{B54717BD-B9BC-428B-A4AA-86CD77DD70AD}"
EndProject
Project("{9A19103F-16F7-4668-BE54-9A1E7A4F7556}") = "Seedysoft.Libs.Infrastructure.Test", "test\Libs\Infrastructure.Test\Seedysoft.Libs.Infrastructure.Test.csproj", "{0F6D0134-0DF7-48C3-A2E2-545C032A8518}"
EndProject
Project("{9A19103F-16F7-4668-BE54-9A1E7A4F7556}") = "Seedysoft.Pvpc.Lib.Test", "test\Pvpc\Lib.Test\Seedysoft.Pvpc.Lib.Test.csproj", "{98C04681-DFDB-4FFC-A421-8C10D7900431}"
EndProject
Global
	GlobalSection(SolutionConfigurationPlatforms) = preSolution
		Debug|Any CPU = Debug|Any CPU
		Release|Any CPU = Release|Any CPU
	EndGlobalSection
	GlobalSection(ProjectConfigurationPlatforms) = postSolution
		{B1F1F2EF-81B9-4284-AC8A-DA6F3A55C263}.Debug|Any CPU.ActiveCfg = Debug|Any CPU
		{B1F1F2EF-81B9-4284-AC8A-DA6F3A55C263}.Debug|Any CPU.Build.0 = Debug|Any CPU
		{B1F1F2EF-81B9-4284-AC8A-DA6F3A55C263}.Release|Any CPU.ActiveCfg = Release|Any CPU
		{B1F1F2EF-81B9-4284-AC8A-DA6F3A55C263}.Release|Any CPU.Build.0 = Release|Any CPU
		{9990F202-40C8-4D36-81B9-672EE1B0D56A}.Debug|Any CPU.ActiveCfg = Debug|Any CPU
		{9990F202-40C8-4D36-81B9-672EE1B0D56A}.Debug|Any CPU.Build.0 = Debug|Any CPU
		{9990F202-40C8-4D36-81B9-672EE1B0D56A}.Release|Any CPU.ActiveCfg = Release|Any CPU
		{9990F202-40C8-4D36-81B9-672EE1B0D56A}.Release|Any CPU.Build.0 = Release|Any CPU
		{A6A8C795-22BA-4459-B11E-157238F04840}.Debug|Any CPU.ActiveCfg = Debug|Any CPU
		{A6A8C795-22BA-4459-B11E-157238F04840}.Debug|Any CPU.Build.0 = Debug|Any CPU
		{A6A8C795-22BA-4459-B11E-157238F04840}.Release|Any CPU.ActiveCfg = Release|Any CPU
		{A6A8C795-22BA-4459-B11E-157238F04840}.Release|Any CPU.Build.0 = Release|Any CPU
		{33F5FCD1-4A46-4DF1-B9E4-791077F7B688}.Debug|Any CPU.ActiveCfg = Debug|Any CPU
		{33F5FCD1-4A46-4DF1-B9E4-791077F7B688}.Debug|Any CPU.Build.0 = Debug|Any CPU
		{33F5FCD1-4A46-4DF1-B9E4-791077F7B688}.Release|Any CPU.ActiveCfg = Release|Any CPU
		{33F5FCD1-4A46-4DF1-B9E4-791077F7B688}.Release|Any CPU.Build.0 = Release|Any CPU
		{639FCE62-4B61-4757-A7DD-A0A7691A000F}.Debug|Any CPU.ActiveCfg = Debug|Any CPU
		{639FCE62-4B61-4757-A7DD-A0A7691A000F}.Debug|Any CPU.Build.0 = Debug|Any CPU
		{639FCE62-4B61-4757-A7DD-A0A7691A000F}.Release|Any CPU.ActiveCfg = Release|Any CPU
		{639FCE62-4B61-4757-A7DD-A0A7691A000F}.Release|Any CPU.Build.0 = Release|Any CPU
		{543A560A-8747-4831-B7FD-6CC48D9A40EC}.Debug|Any CPU.ActiveCfg = Debug|Any CPU
		{543A560A-8747-4831-B7FD-6CC48D9A40EC}.Debug|Any CPU.Build.0 = Debug|Any CPU
		{543A560A-8747-4831-B7FD-6CC48D9A40EC}.Release|Any CPU.ActiveCfg = Release|Any CPU
		{543A560A-8747-4831-B7FD-6CC48D9A40EC}.Release|Any CPU.Build.0 = Release|Any CPU
		{4BC74EB4-A94B-44D1-8A89-E4EA9DDDBF4B}.Debug|Any CPU.ActiveCfg = Debug|Any CPU
		{4BC74EB4-A94B-44D1-8A89-E4EA9DDDBF4B}.Debug|Any CPU.Build.0 = Debug|Any CPU
		{4BC74EB4-A94B-44D1-8A89-E4EA9DDDBF4B}.Release|Any CPU.ActiveCfg = Release|Any CPU
		{4BC74EB4-A94B-44D1-8A89-E4EA9DDDBF4B}.Release|Any CPU.Build.0 = Release|Any CPU
		{733108C1-F3A2-4AE7-AB43-BADCB4161169}.Debug|Any CPU.ActiveCfg = Debug|Any CPU
		{733108C1-F3A2-4AE7-AB43-BADCB4161169}.Debug|Any CPU.Build.0 = Debug|Any CPU
		{733108C1-F3A2-4AE7-AB43-BADCB4161169}.Release|Any CPU.ActiveCfg = Release|Any CPU
		{733108C1-F3A2-4AE7-AB43-BADCB4161169}.Release|Any CPU.Build.0 = Release|Any CPU
		{B9DB9188-86E8-4C27-AA48-6FA3095542EA}.Debug|Any CPU.ActiveCfg = Debug|Any CPU
		{B9DB9188-86E8-4C27-AA48-6FA3095542EA}.Debug|Any CPU.Build.0 = Debug|Any CPU
		{B9DB9188-86E8-4C27-AA48-6FA3095542EA}.Release|Any CPU.ActiveCfg = Release|Any CPU
		{B9DB9188-86E8-4C27-AA48-6FA3095542EA}.Release|Any CPU.Build.0 = Release|Any CPU
		{B9DCB14B-43FC-4920-9829-E1AA7955CAB9}.Debug|Any CPU.ActiveCfg = Debug|Any CPU
		{B9DCB14B-43FC-4920-9829-E1AA7955CAB9}.Debug|Any CPU.Build.0 = Debug|Any CPU
		{B9DCB14B-43FC-4920-9829-E1AA7955CAB9}.Release|Any CPU.ActiveCfg = Release|Any CPU
		{B9DCB14B-43FC-4920-9829-E1AA7955CAB9}.Release|Any CPU.Build.0 = Release|Any CPU
		{89A314F2-682A-4262-90C8-8C28B28406A7}.Debug|Any CPU.ActiveCfg = Debug|Any CPU
		{89A314F2-682A-4262-90C8-8C28B28406A7}.Debug|Any CPU.Build.0 = Debug|Any CPU
		{89A314F2-682A-4262-90C8-8C28B28406A7}.Release|Any CPU.ActiveCfg = Release|Any CPU
		{89A314F2-682A-4262-90C8-8C28B28406A7}.Release|Any CPU.Build.0 = Release|Any CPU
		{C9D74763-F199-4D59-AFE3-048A21B24161}.Debug|Any CPU.ActiveCfg = Debug|Any CPU
		{C9D74763-F199-4D59-AFE3-048A21B24161}.Debug|Any CPU.Build.0 = Debug|Any CPU
		{C9D74763-F199-4D59-AFE3-048A21B24161}.Release|Any CPU.ActiveCfg = Release|Any CPU
		{C9D74763-F199-4D59-AFE3-048A21B24161}.Release|Any CPU.Build.0 = Release|Any CPU
		{D0101826-65C5-4D4E-95A5-CE9D96EDF7F1}.Debug|Any CPU.ActiveCfg = Debug|Any CPU
		{D0101826-65C5-4D4E-95A5-CE9D96EDF7F1}.Debug|Any CPU.Build.0 = Debug|Any CPU
		{D0101826-65C5-4D4E-95A5-CE9D96EDF7F1}.Release|Any CPU.ActiveCfg = Release|Any CPU
		{D0101826-65C5-4D4E-95A5-CE9D96EDF7F1}.Release|Any CPU.Build.0 = Release|Any CPU
		{B61C7BCC-0966-4960-8A96-3AF0C5985814}.Debug|Any CPU.ActiveCfg = Debug|Any CPU
		{B61C7BCC-0966-4960-8A96-3AF0C5985814}.Debug|Any CPU.Build.0 = Debug|Any CPU
		{B61C7BCC-0966-4960-8A96-3AF0C5985814}.Release|Any CPU.ActiveCfg = Release|Any CPU
		{B61C7BCC-0966-4960-8A96-3AF0C5985814}.Release|Any CPU.Build.0 = Release|Any CPU
		{7330CF79-2BF4-4D53-9D22-21042281891C}.Debug|Any CPU.ActiveCfg = Debug|Any CPU
		{7330CF79-2BF4-4D53-9D22-21042281891C}.Debug|Any CPU.Build.0 = Debug|Any CPU
		{7330CF79-2BF4-4D53-9D22-21042281891C}.Release|Any CPU.ActiveCfg = Release|Any CPU
		{7330CF79-2BF4-4D53-9D22-21042281891C}.Release|Any CPU.Build.0 = Release|Any CPU
		{1346864E-F175-4EA5-8F0C-D4B0B9D41CF3}.Debug|Any CPU.ActiveCfg = Debug|Any CPU
		{1346864E-F175-4EA5-8F0C-D4B0B9D41CF3}.Debug|Any CPU.Build.0 = Debug|Any CPU
		{1346864E-F175-4EA5-8F0C-D4B0B9D41CF3}.Release|Any CPU.ActiveCfg = Release|Any CPU
		{1346864E-F175-4EA5-8F0C-D4B0B9D41CF3}.Release|Any CPU.Build.0 = Release|Any CPU
		{592C2F31-E2F0-42FC-9F3A-7F3A72687B0F}.Debug|Any CPU.ActiveCfg = Debug|Any CPU
		{592C2F31-E2F0-42FC-9F3A-7F3A72687B0F}.Debug|Any CPU.Build.0 = Debug|Any CPU
		{592C2F31-E2F0-42FC-9F3A-7F3A72687B0F}.Release|Any CPU.ActiveCfg = Release|Any CPU
		{592C2F31-E2F0-42FC-9F3A-7F3A72687B0F}.Release|Any CPU.Build.0 = Release|Any CPU
		{B03845DC-E517-4993-94AC-4CBBFE12C92E}.Debug|Any CPU.ActiveCfg = Debug|Any CPU
		{B03845DC-E517-4993-94AC-4CBBFE12C92E}.Debug|Any CPU.Build.0 = Debug|Any CPU
		{B03845DC-E517-4993-94AC-4CBBFE12C92E}.Release|Any CPU.ActiveCfg = Release|Any CPU
		{B03845DC-E517-4993-94AC-4CBBFE12C92E}.Release|Any CPU.Build.0 = Release|Any CPU
		{9FCDE68A-2CEE-4A2C-93DF-04928A78A7BC}.Debug|Any CPU.ActiveCfg = Debug|Any CPU
		{9FCDE68A-2CEE-4A2C-93DF-04928A78A7BC}.Debug|Any CPU.Build.0 = Debug|Any CPU
		{9FCDE68A-2CEE-4A2C-93DF-04928A78A7BC}.Release|Any CPU.ActiveCfg = Release|Any CPU
		{9FCDE68A-2CEE-4A2C-93DF-04928A78A7BC}.Release|Any CPU.Build.0 = Release|Any CPU
		{B54717BD-B9BC-428B-A4AA-86CD77DD70AD}.Debug|Any CPU.ActiveCfg = Debug|Any CPU
		{B54717BD-B9BC-428B-A4AA-86CD77DD70AD}.Debug|Any CPU.Build.0 = Debug|Any CPU
		{B54717BD-B9BC-428B-A4AA-86CD77DD70AD}.Release|Any CPU.ActiveCfg = Release|Any CPU
		{B54717BD-B9BC-428B-A4AA-86CD77DD70AD}.Release|Any CPU.Build.0 = Release|Any CPU
		{0F6D0134-0DF7-48C3-A2E2-545C032A8518}.Debug|Any CPU.ActiveCfg = Debug|Any CPU
		{0F6D0134-0DF7-48C3-A2E2-545C032A8518}.Debug|Any CPU.Build.0 = Debug|Any CPU
		{0F6D0134-0DF7-48C3-A2E2-545C032A8518}.Release|Any CPU.ActiveCfg = Release|Any CPU
		{0F6D0134-0DF7-48C3-A2E2-545C032A8518}.Release|Any CPU.Build.0 = Release|Any CPU
		{98C04681-DFDB-4FFC-A421-8C10D7900431}.Debug|Any CPU.ActiveCfg = Debug|Any CPU
		{98C04681-DFDB-4FFC-A421-8C10D7900431}.Debug|Any CPU.Build.0 = Debug|Any CPU
		{98C04681-DFDB-4FFC-A421-8C10D7900431}.Release|Any CPU.ActiveCfg = Release|Any CPU
		{98C04681-DFDB-4FFC-A421-8C10D7900431}.Release|Any CPU.Build.0 = Release|Any CPU
	EndGlobalSection
	GlobalSection(SolutionProperties) = preSolution
		HideSolutionNode = FALSE
	EndGlobalSection
	GlobalSection(NestedProjects) = preSolution
		{B1F1F2EF-81B9-4284-AC8A-DA6F3A55C263} = {59B3631D-CCF0-40C2-9F5B-3DE2665E5F22}
		{9990F202-40C8-4D36-81B9-672EE1B0D56A} = {59B3631D-CCF0-40C2-9F5B-3DE2665E5F22}
		{A6A8C795-22BA-4459-B11E-157238F04840} = {DEA953B6-AC4C-4AFF-98A2-1D900A2C8DB6}
		{33F5FCD1-4A46-4DF1-B9E4-791077F7B688} = {1B84AE05-2D2A-49BD-A067-883B8FA01D75}
		{639FCE62-4B61-4757-A7DD-A0A7691A000F} = {1B84AE05-2D2A-49BD-A067-883B8FA01D75}
		{543A560A-8747-4831-B7FD-6CC48D9A40EC} = {1B84AE05-2D2A-49BD-A067-883B8FA01D75}
		{4BC74EB4-A94B-44D1-8A89-E4EA9DDDBF4B} = {1B84AE05-2D2A-49BD-A067-883B8FA01D75}
		{733108C1-F3A2-4AE7-AB43-BADCB4161169} = {1B84AE05-2D2A-49BD-A067-883B8FA01D75}
		{B9DB9188-86E8-4C27-AA48-6FA3095542EA} = {DEA953B6-AC4C-4AFF-98A2-1D900A2C8DB6}
		{623B6345-334F-4699-B2FB-B928EBC6471B} = {76425700-456B-44B0-B42A-B0DC73595E5E}
		{278EDAC9-2DDC-4F89-8C6F-6A8B66E01A2E} = {76425700-456B-44B0-B42A-B0DC73595E5E}
		{B9DCB14B-43FC-4920-9829-E1AA7955CAB9} = {1B84AE05-2D2A-49BD-A067-883B8FA01D75}
		{89A314F2-682A-4262-90C8-8C28B28406A7} = {D502505E-CB81-4391-8F4A-C08474E89805}
		{C9D74763-F199-4D59-AFE3-048A21B24161} = {D502505E-CB81-4391-8F4A-C08474E89805}
		{D0101826-65C5-4D4E-95A5-CE9D96EDF7F1} = {1B84AE05-2D2A-49BD-A067-883B8FA01D75}
		{1346864E-F175-4EA5-8F0C-D4B0B9D41CF3} = {72066A4C-B25F-4CE6-A9A0-4AD80C544B2A}
		{592C2F31-E2F0-42FC-9F3A-7F3A72687B0F} = {72066A4C-B25F-4CE6-A9A0-4AD80C544B2A}
		{B03845DC-E517-4993-94AC-4CBBFE12C92E} = {1B84AE05-2D2A-49BD-A067-883B8FA01D75}
		{9FCDE68A-2CEE-4A2C-93DF-04928A78A7BC} = {1B84AE05-2D2A-49BD-A067-883B8FA01D75}
		{B54717BD-B9BC-428B-A4AA-86CD77DD70AD} = {1B84AE05-2D2A-49BD-A067-883B8FA01D75}
		{0F6D0134-0DF7-48C3-A2E2-545C032A8518} = {1B84AE05-2D2A-49BD-A067-883B8FA01D75}
		{98C04681-DFDB-4FFC-A421-8C10D7900431} = {D502505E-CB81-4391-8F4A-C08474E89805}
	EndGlobalSection
	GlobalSection(ExtensibilityGlobals) = postSolution
		SolutionGuid = {76CD9B0B-E4FA-4E83-9623-2163AE82F180}
	EndGlobalSection
EndGlobal
